// !$*UTF8*$!
{
	archiveVersion = 1;
	classes = {
	};
	objectVersion = 51;
	objects = {

/* Begin PBXBuildFile section */
		3A60E5C123DE6C600066C144 /* SceneDelegate.swift in Sources */ = {isa = PBXBuildFile; fileRef = 3A60E5C023DE6C600066C144 /* SceneDelegate.swift */; };
		3A60E5C323DE7D370066C144 /* MovieCell.swift in Sources */ = {isa = PBXBuildFile; fileRef = 3A60E5C223DE7D370066C144 /* MovieCell.swift */; };
		3A664AC823DB5A53002FAF7B /* AppDelegate.swift in Sources */ = {isa = PBXBuildFile; fileRef = 3A664AC723DB5A53002FAF7B /* AppDelegate.swift */; };
		3A664ACF23DB5A53002FAF7B /* Main.storyboard in Resources */ = {isa = PBXBuildFile; fileRef = 3A664ACD23DB5A53002FAF7B /* Main.storyboard */; };
		3A664AD123DB5A57002FAF7B /* Assets.xcassets in Resources */ = {isa = PBXBuildFile; fileRef = 3A664AD023DB5A57002FAF7B /* Assets.xcassets */; };
		3A664AD423DB5A57002FAF7B /* LaunchScreen.storyboard in Resources */ = {isa = PBXBuildFile; fileRef = 3A664AD223DB5A57002FAF7B /* LaunchScreen.storyboard */; };
		3A664ADC23DE67CD002FAF7B /* MovieViewController.swift in Sources */ = {isa = PBXBuildFile; fileRef = 3A664ADB23DE67CD002FAF7B /* MovieViewController.swift */; };
		3A6F5E1923E4870A0062B684 /* MovieDetailsViewController.swift in Sources */ = {isa = PBXBuildFile; fileRef = 3A6F5E1823E4870A0062B684 /* MovieDetailsViewController.swift */; };
		3A6F5E1B23E491F90062B684 /* MovieGridViewController.swift in Sources */ = {isa = PBXBuildFile; fileRef = 3A6F5E1A23E491F90062B684 /* MovieGridViewController.swift */; };
		3A6F5E1D23E494FC0062B684 /* MovieGridCell.swift in Sources */ = {isa = PBXBuildFile; fileRef = 3A6F5E1C23E494FC0062B684 /* MovieGridCell.swift */; };
		7D32CBCA94F035D7FD949EBA /* Pods_Flixter.framework in Frameworks */ = {isa = PBXBuildFile; fileRef = 3C778D3AEC43F37FB93B3CFE /* Pods_Flixter.framework */; };
/* End PBXBuildFile section */

/* Begin PBXFileReference section */
		3A60E5C023DE6C600066C144 /* SceneDelegate.swift */ = {isa = PBXFileReference; fileEncoding = 4; lastKnownFileType = sourcecode.swift; path = SceneDelegate.swift; sourceTree = "<group>"; };
		3A60E5C223DE7D370066C144 /* MovieCell.swift */ = {isa = PBXFileReference; lastKnownFileType = sourcecode.swift; path = MovieCell.swift; sourceTree = "<group>"; };
		3A664AC423DB5A53002FAF7B /* Flixter.app */ = {isa = PBXFileReference; explicitFileType = wrapper.application; includeInIndex = 0; path = Flixter.app; sourceTree = BUILT_PRODUCTS_DIR; };
		3A664AC723DB5A53002FAF7B /* AppDelegate.swift */ = {isa = PBXFileReference; lastKnownFileType = sourcecode.swift; path = AppDelegate.swift; sourceTree = "<group>"; };
		3A664ACE23DB5A53002FAF7B /* Base */ = {isa = PBXFileReference; lastKnownFileType = file.storyboard; name = Base; path = Base.lproj/Main.storyboard; sourceTree = "<group>"; };
		3A664AD023DB5A57002FAF7B /* Assets.xcassets */ = {isa = PBXFileReference; lastKnownFileType = folder.assetcatalog; path = Assets.xcassets; sourceTree = "<group>"; };
		3A664AD323DB5A57002FAF7B /* Base */ = {isa = PBXFileReference; lastKnownFileType = file.storyboard; name = Base; path = Base.lproj/LaunchScreen.storyboard; sourceTree = "<group>"; };
		3A664AD523DB5A57002FAF7B /* Info.plist */ = {isa = PBXFileReference; lastKnownFileType = text.plist.xml; path = Info.plist; sourceTree = "<group>"; };
		3A664ADB23DE67CD002FAF7B /* MovieViewController.swift */ = {isa = PBXFileReference; lastKnownFileType = sourcecode.swift; path = MovieViewController.swift; sourceTree = "<group>"; };
		3A6F5E1823E4870A0062B684 /* MovieDetailsViewController.swift */ = {isa = PBXFileReference; lastKnownFileType = sourcecode.swift; path = MovieDetailsViewController.swift; sourceTree = "<group>"; };
		3A6F5E1A23E491F90062B684 /* MovieGridViewController.swift */ = {isa = PBXFileReference; lastKnownFileType = sourcecode.swift; path = MovieGridViewController.swift; sourceTree = "<group>"; };
		3A6F5E1C23E494FC0062B684 /* MovieGridCell.swift */ = {isa = PBXFileReference; lastKnownFileType = sourcecode.swift; path = MovieGridCell.swift; sourceTree = "<group>"; };
		3C778D3AEC43F37FB93B3CFE /* Pods_Flixter.framework */ = {isa = PBXFileReference; explicitFileType = wrapper.framework; includeInIndex = 0; path = Pods_Flixter.framework; sourceTree = BUILT_PRODUCTS_DIR; };
		87DD86853FF748C7706F4708 /* Pods-Flixter.debug.xcconfig */ = {isa = PBXFileReference; includeInIndex = 1; lastKnownFileType = text.xcconfig; name = "Pods-Flixter.debug.xcconfig"; path = "Target Support Files/Pods-Flixter/Pods-Flixter.debug.xcconfig"; sourceTree = "<group>"; };
		E4C5A0CEC2B65829A54DFF03 /* Pods-Flixter.release.xcconfig */ = {isa = PBXFileReference; includeInIndex = 1; lastKnownFileType = text.xcconfig; name = "Pods-Flixter.release.xcconfig"; path = "Target Support Files/Pods-Flixter/Pods-Flixter.release.xcconfig"; sourceTree = "<group>"; };
/* End PBXFileReference section */

/* Begin PBXFrameworksBuildPhase section */
		3A664AC123DB5A53002FAF7B /* Frameworks */ = {
			isa = PBXFrameworksBuildPhase;
			buildActionMask = 2147483647;
			files = (
				7D32CBCA94F035D7FD949EBA /* Pods_Flixter.framework in Frameworks */,
			);
			runOnlyForDeploymentPostprocessing = 0;
		};
/* End PBXFrameworksBuildPhase section */

/* Begin PBXGroup section */
		3637A00273F1EBCC06CD9F58 /* Pods */ = {
			isa = PBXGroup;
			children = (
				87DD86853FF748C7706F4708 /* Pods-Flixter.debug.xcconfig */,
				E4C5A0CEC2B65829A54DFF03 /* Pods-Flixter.release.xcconfig */,
			);
			path = Pods;
			sourceTree = "<group>";
		};
		3A664ABB23DB5A53002FAF7B = {
			isa = PBXGroup;
			children = (
				3A664AC623DB5A53002FAF7B /* Flixter */,
				3A664AC523DB5A53002FAF7B /* Products */,
				3637A00273F1EBCC06CD9F58 /* Pods */,
				9B2A7441AF8BF1F1A9378F1F /* Frameworks */,
			);
			sourceTree = "<group>";
		};
		3A664AC523DB5A53002FAF7B /* Products */ = {
			isa = PBXGroup;
			children = (
				3A664AC423DB5A53002FAF7B /* Flixter.app */,
			);
			name = Products;
			sourceTree = "<group>";
		};
		3A664AC623DB5A53002FAF7B /* Flixter */ = {
			isa = PBXGroup;
			children = (
				3A664AC723DB5A53002FAF7B /* AppDelegate.swift */,
				3A60E5C023DE6C600066C144 /* SceneDelegate.swift */,
				3A664ADB23DE67CD002FAF7B /* MovieViewController.swift */,
				3A6F5E1A23E491F90062B684 /* MovieGridViewController.swift */,
				3A6F5E1823E4870A0062B684 /* MovieDetailsViewController.swift */,
				3A6F5E1C23E494FC0062B684 /* MovieGridCell.swift */,
				3A60E5C223DE7D370066C144 /* MovieCell.swift */,
				3A664ACD23DB5A53002FAF7B /* Main.storyboard */,
				3A664AD023DB5A57002FAF7B /* Assets.xcassets */,
				3A664AD223DB5A57002FAF7B /* LaunchScreen.storyboard */,
				3A664AD523DB5A57002FAF7B /* Info.plist */,
			);
			path = Flixter;
			sourceTree = "<group>";
		};
		9B2A7441AF8BF1F1A9378F1F /* Frameworks */ = {
			isa = PBXGroup;
			children = (
				3C778D3AEC43F37FB93B3CFE /* Pods_Flixter.framework */,
			);
			name = Frameworks;
			sourceTree = "<group>";
		};
/* End PBXGroup section */

/* Begin PBXNativeTarget section */
		3A664AC323DB5A53002FAF7B /* Flixter */ = {
			isa = PBXNativeTarget;
			buildConfigurationList = 3A664AD823DB5A57002FAF7B /* Build configuration list for PBXNativeTarget "Flixter" */;
			buildPhases = (
				DA6762DAF3942033D78F7267 /* [CP] Check Pods Manifest.lock */,
				3A664AC023DB5A53002FAF7B /* Sources */,
				3A664AC123DB5A53002FAF7B /* Frameworks */,
				3A664AC223DB5A53002FAF7B /* Resources */,
				FB208423C838A9209475DB7B /* [CP] Embed Pods Frameworks */,
			);
			buildRules = (
			);
			dependencies = (
			);
			name = Flixter;
			productName = Flixter;
			productReference = 3A664AC423DB5A53002FAF7B /* Flixter.app */;
			productType = "com.apple.product-type.application";
		};
/* End PBXNativeTarget section */

/* Begin PBXProject section */
		3A664ABC23DB5A53002FAF7B /* Project object */ = {
			isa = PBXProject;
			attributes = {
				LastSwiftUpdateCheck = 1130;
				LastUpgradeCheck = 1130;
				ORGANIZATIONNAME = "Jose Patino";
				TargetAttributes = {
					3A664AC323DB5A53002FAF7B = {
						CreatedOnToolsVersion = 11.3.1;
					};
				};
			};
			buildConfigurationList = 3A664ABF23DB5A53002FAF7B /* Build configuration list for PBXProject "Flixter" */;
			compatibilityVersion = "Xcode 9.3";
			developmentRegion = en;
			hasScannedForEncodings = 0;
			knownRegions = (
				en,
				Base,
			);
			mainGroup = 3A664ABB23DB5A53002FAF7B;
			productRefGroup = 3A664AC523DB5A53002FAF7B /* Products */;
			projectDirPath = "";
			projectRoot = "";
			targets = (
				3A664AC323DB5A53002FAF7B /* Flixter */,
			);
		};
/* End PBXProject section */

/* Begin PBXResourcesBuildPhase section */
		3A664AC223DB5A53002FAF7B /* Resources */ = {
			isa = PBXResourcesBuildPhase;
			buildActionMask = 2147483647;
			files = (
				3A664AD423DB5A57002FAF7B /* LaunchScreen.storyboard in Resources */,
				3A664AD123DB5A57002FAF7B /* Assets.xcassets in Resources */,
				3A664ACF23DB5A53002FAF7B /* Main.storyboard in Resources */,
			);
			runOnlyForDeploymentPostprocessing = 0;
		};
/* End PBXResourcesBuildPhase section */

/* Begin PBXShellScriptBuildPhase section */
		DA6762DAF3942033D78F7267 /* [CP] Check Pods Manifest.lock */ = {
			isa = PBXShellScriptBuildPhase;
			buildActionMask = 2147483647;
			files = (
			);
			inputFileListPaths = (
			);
			inputPaths = (
				"${PODS_PODFILE_DIR_PATH}/Podfile.lock",
				"${PODS_ROOT}/Manifest.lock",
			);
			name = "[CP] Check Pods Manifest.lock";
			outputFileListPaths = (
			);
			outputPaths = (
				"$(DERIVED_FILE_DIR)/Pods-Flixter-checkManifestLockResult.txt",
			);
			runOnlyForDeploymentPostprocessing = 0;
			shellPath = /bin/sh;
			shellScript = "diff \"${PODS_PODFILE_DIR_PATH}/Podfile.lock\" \"${PODS_ROOT}/Manifest.lock\" > /dev/null\nif [ $? != 0 ] ; then\n    # print error to STDERR\n    echo \"error: The sandbox is not in sync with the Podfile.lock. Run 'pod install' or update your CocoaPods installation.\" >&2\n    exit 1\nfi\n# This output is used by Xcode 'outputs' to avoid re-running this script phase.\necho \"SUCCESS\" > \"${SCRIPT_OUTPUT_FILE_0}\"\n";
			showEnvVarsInLog = 0;
		};
		FB208423C838A9209475DB7B /* [CP] Embed Pods Frameworks */ = {
			isa = PBXShellScriptBuildPhase;
			buildActionMask = 2147483647;
			files = (
			);
			inputFileListPaths = (
				"${PODS_ROOT}/Target Support Files/Pods-Flixter/Pods-Flixter-frameworks-${CONFIGURATION}-input-files.xcfilelist",
			);
			name = "[CP] Embed Pods Frameworks";
			outputFileListPaths = (
				"${PODS_ROOT}/Target Support Files/Pods-Flixter/Pods-Flixter-frameworks-${CONFIGURATION}-output-files.xcfilelist",
			);
			runOnlyForDeploymentPostprocessing = 0;
			shellPath = /bin/sh;
			shellScript = "\"${PODS_ROOT}/Target Support Files/Pods-Flixter/Pods-Flixter-frameworks.sh\"\n";
			showEnvVarsInLog = 0;
		};
/* End PBXShellScriptBuildPhase section */

/* Begin PBXSourcesBuildPhase section */
		3A664AC023DB5A53002FAF7B /* Sources */ = {
			isa = PBXSourcesBuildPhase;
			buildActionMask = 2147483647;
			files = (
				3A6F5E1923E4870A0062B684 /* MovieDetailsViewController.swift in Sources */,
				3A664AC823DB5A53002FAF7B /* AppDelegate.swift in Sources */,
				3A664ADC23DE67CD002FAF7B /* MovieViewController.swift in Sources */,
				3A60E5C323DE7D370066C144 /* MovieCell.swift in Sources */,
				3A60E5C123DE6C600066C144 /* SceneDelegate.swift in Sources */,
				3A6F5E1B23E491F90062B684 /* MovieGridViewController.swift in Sources */,
				3A6F5E1D23E494FC0062B684 /* MovieGridCell.swift in Sources */,
			);
			runOnlyForDeploymentPostprocessing = 0;
		};
/* End PBXSourcesBuildPhase section */

/* Begin PBXVariantGroup section */
		3A664ACD23DB5A53002FAF7B /* Main.storyboard */ = {
			isa = PBXVariantGroup;
			children = (
				3A664ACE23DB5A53002FAF7B /* Base */,
			);
			name = Main.storyboard;
			sourceTree = "<group>";
		};
		3A664AD223DB5A57002FAF7B /* LaunchScreen.storyboard */ = {
			isa = PBXVariantGroup;
			children = (
				3A664AD323DB5A57002FAF7B /* Base */,
			);
			name = LaunchScreen.storyboard;
			sourceTree = "<group>";
		};
/* End PBXVariantGroup section */

/* Begin XCBuildConfiguration section */
		3A664AD623DB5A57002FAF7B /* Debug */ = {
			isa = XCBuildConfiguration;
			buildSettings = {
				ALWAYS_SEARCH_USER_PATHS = NO;
				CLANG_ANALYZER_NONNULL = YES;
				CLANG_ANALYZER_NUMBER_OBJECT_CONVERSION = YES_AGGRESSIVE;
				CLANG_CXX_LANGUAGE_STANDARD = "gnu++14";
				CLANG_CXX_LIBRARY = "libc++";
				CLANG_ENABLE_MODULES = YES;
				CLANG_ENABLE_OBJC_ARC = YES;
				CLANG_ENABLE_OBJC_WEAK = YES;
				CLANG_WARN_BLOCK_CAPTURE_AUTORELEASING = YES;
				CLANG_WARN_BOOL_CONVERSION = YES;
				CLANG_WARN_COMMA = YES;
				CLANG_WARN_CONSTANT_CONVERSION = YES;
				CLANG_WARN_DEPRECATED_OBJC_IMPLEMENTATIONS = YES;
				CLANG_WARN_DIRECT_OBJC_ISA_USAGE = YES_ERROR;
				CLANG_WARN_DOCUMENTATION_COMMENTS = YES;
				CLANG_WARN_EMPTY_BODY = YES;
				CLANG_WARN_ENUM_CONVERSION = YES;
				CLANG_WARN_INFINITE_RECURSION = YES;
				CLANG_WARN_INT_CONVERSION = YES;
				CLANG_WARN_NON_LITERAL_NULL_CONVERSION = YES;
				CLANG_WARN_OBJC_IMPLICIT_RETAIN_SELF = YES;
				CLANG_WARN_OBJC_LITERAL_CONVERSION = YES;
				CLANG_WARN_OBJC_ROOT_CLASS = YES_ERROR;
				CLANG_WARN_RANGE_LOOP_ANALYSIS = YES;
				CLANG_WARN_STRICT_PROTOTYPES = YES;
				CLANG_WARN_SUSPICIOUS_MOVE = YES;
				CLANG_WARN_UNGUARDED_AVAILABILITY = YES_AGGRESSIVE;
				CLANG_WARN_UNREACHABLE_CODE = YES;
				CLANG_WARN__DUPLICATE_METHOD_MATCH = YES;
				COPY_PHASE_STRIP = NO;
				DEBUG_INFORMATION_FORMAT = dwarf;
				ENABLE_STRICT_OBJC_MSGSEND = YES;
				ENABLE_TESTABILITY = YES;
				GCC_C_LANGUAGE_STANDARD = gnu11;
				GCC_DYNAMIC_NO_PIC = NO;
				GCC_NO_COMMON_BLOCKS = YES;
				GCC_OPTIMIZATION_LEVEL = 0;
				GCC_PREPROCESSOR_DEFINITIONS = (
					"DEBUG=1",
					"$(inherited)",
				);
				GCC_WARN_64_TO_32_BIT_CONVERSION = YES;
				GCC_WARN_ABOUT_RETURN_TYPE = YES_ERROR;
				GCC_WARN_UNDECLARED_SELECTOR = YES;
				GCC_WARN_UNINITIALIZED_AUTOS = YES_AGGRESSIVE;
				GCC_WARN_UNUSED_FUNCTION = YES;
				GCC_WARN_UNUSED_VARIABLE = YES;
				IPHONEOS_DEPLOYMENT_TARGET = 13.2;
				MTL_ENABLE_DEBUG_INFO = INCLUDE_SOURCE;
				MTL_FAST_MATH = YES;
				ONLY_ACTIVE_ARCH = YES;
				SDKROOT = iphoneos;
				SWIFT_ACTIVE_COMPILATION_CONDITIONS = DEBUG;
				SWIFT_OPTIMIZATION_LEVEL = "-Onone";
			};
			name = Debug;
		};
		3A664AD723DB5A57002FAF7B /* Release */ = {
			isa = XCBuildConfiguration;
			buildSettings = {
				ALWAYS_SEARCH_USER_PATHS = NO;
				CLANG_ANALYZER_NONNULL = YES;
				CLANG_ANALYZER_NUMBER_OBJECT_CONVERSION = YES_AGGRESSIVE;
				CLANG_CXX_LANGUAGE_STANDARD = "gnu++14";
				CLANG_CXX_LIBRARY = "libc++";
				CLANG_ENABLE_MODULES = YES;
				CLANG_ENABLE_OBJC_ARC = YES;
				CLANG_ENABLE_OBJC_WEAK = YES;
				CLANG_WARN_BLOCK_CAPTURE_AUTORELEASING = YES;
				CLANG_WARN_BOOL_CONVERSION = YES;
				CLANG_WARN_COMMA = YES;
				CLANG_WARN_CONSTANT_CONVERSION = YES;
				CLANG_WARN_DEPRECATED_OBJC_IMPLEMENTATIONS = YES;
				CLANG_WARN_DIRECT_OBJC_ISA_USAGE = YES_ERROR;
				CLANG_WARN_DOCUMENTATION_COMMENTS = YES;
				CLANG_WARN_EMPTY_BODY = YES;
				CLANG_WARN_ENUM_CONVERSION = YES;
				CLANG_WARN_INFINITE_RECURSION = YES;
				CLANG_WARN_INT_CONVERSION = YES;
				CLANG_WARN_NON_LITERAL_NULL_CONVERSION = YES;
				CLANG_WARN_OBJC_IMPLICIT_RETAIN_SELF = YES;
				CLANG_WARN_OBJC_LITERAL_CONVERSION = YES;
				CLANG_WARN_OBJC_ROOT_CLASS = YES_ERROR;
				CLANG_WARN_RANGE_LOOP_ANALYSIS = YES;
				CLANG_WARN_STRICT_PROTOTYPES = YES;
				CLANG_WARN_SUSPICIOUS_MOVE = YES;
				CLANG_WARN_UNGUARDED_AVAILABILITY = YES_AGGRESSIVE;
				CLANG_WARN_UNREACHABLE_CODE = YES;
				CLANG_WARN__DUPLICATE_METHOD_MATCH = YES;
				COPY_PHASE_STRIP = NO;
				DEBUG_INFORMATION_FORMAT = "dwarf-with-dsym";
				ENABLE_NS_ASSERTIONS = NO;
				ENABLE_STRICT_OBJC_MSGSEND = YES;
				GCC_C_LANGUAGE_STANDARD = gnu11;
				GCC_NO_COMMON_BLOCKS = YES;
				GCC_WARN_64_TO_32_BIT_CONVERSION = YES;
				GCC_WARN_ABOUT_RETURN_TYPE = YES_ERROR;
				GCC_WARN_UNDECLARED_SELECTOR = YES;
				GCC_WARN_UNINITIALIZED_AUTOS = YES_AGGRESSIVE;
				GCC_WARN_UNUSED_FUNCTION = YES;
				GCC_WARN_UNUSED_VARIABLE = YES;
				IPHONEOS_DEPLOYMENT_TARGET = 13.2;
				MTL_ENABLE_DEBUG_INFO = NO;
				MTL_FAST_MATH = YES;
				SDKROOT = iphoneos;
				SWIFT_COMPILATION_MODE = wholemodule;
				SWIFT_OPTIMIZATION_LEVEL = "-O";
				VALIDATE_PRODUCT = YES;
			};
			name = Release;
		};
		3A664AD923DB5A57002FAF7B /* Debug */ = {
			isa = XCBuildConfiguration;
			baseConfigurationReference = 87DD86853FF748C7706F4708 /* Pods-Flixter.debug.xcconfig */;
			buildSettings = {
				ASSETCATALOG_COMPILER_APPICON_NAME = AppIcon;
				CODE_SIGN_STYLE = Automatic;
				DEVELOPMENT_TEAM = J8P66L5C27;
				INFOPLIST_FILE = Flixter/Info.plist;
				LD_RUNPATH_SEARCH_PATHS = (
					"$(inherited)",
					"@executable_path/Frameworks",
				);
				PRODUCT_BUNDLE_IDENTIFIER = JosePatino.Flixter;
				PRODUCT_NAME = "$(TARGET_NAME)";
				SWIFT_VERSION = 5.0;
				TARGETED_DEVICE_FAMILY = "1,2";
			};
			name = Debug;
		};
		3A664ADA23DB5A57002FAF7B /* Release */ = {
			isa = XCBuildConfiguration;
			baseConfigurationReference = E4C5A0CEC2B65829A54DFF03 /* Pods-Flixter.release.xcconfig */;
			buildSettings = {
				ASSETCATALOG_COMPILER_APPICON_NAME = AppIcon;
				CODE_SIGN_STYLE = Automatic;
				DEVELOPMENT_TEAM = J8P66L5C27;
				INFOPLIST_FILE = Flixter/Info.plist;
				LD_RUNPATH_SEARCH_PATHS = (
					"$(inherited)",
					"@executable_path/Frameworks",
				);
				PRODUCT_BUNDLE_IDENTIFIER = JosePatino.Flixter;
				PRODUCT_NAME = "$(TARGET_NAME)";
				SWIFT_VERSION = 5.0;
				TARGETED_DEVICE_FAMILY = "1,2";
			};
			name = Release;
		};
/* End XCBuildConfiguration section */

/* Begin XCConfigurationList section */
		3A664ABF23DB5A53002FAF7B /* Build configuration list for PBXProject "Flixter" */ = {
			isa = XCConfigurationList;
			buildConfigurations = (
				3A664AD623DB5A57002FAF7B /* Debug */,
				3A664AD723DB5A57002FAF7B /* Release */,
			);
			defaultConfigurationIsVisible = 0;
			defaultConfigurationName = Release;
		};
		3A664AD823DB5A57002FAF7B /* Build configuration list for PBXNativeTarget "Flixter" */ = {
			isa = XCConfigurationList;
			buildConfigurations = (
				3A664AD923DB5A57002FAF7B /* Debug */,
				3A664ADA23DB5A57002FAF7B /* Release */,
			);
			defaultConfigurationIsVisible = 0;
			defaultConfigurationName = Release;
		};
/* End XCConfigurationList section */
	};
	rootObject = 3A664ABC23DB5A53002FAF7B /* Project object */;
}
